// !$*UTF8*$!
{
	archiveVersion = 1;
	classes = {
	};
	objectVersion = 50;
	objects = {

/* Begin PBXBuildFile section */
		FB5F1EF72241527100E3E327 /* AppDelegate.swift in Sources */ = {isa = PBXBuildFile; fileRef = FB5F1EF62241527100E3E327 /* AppDelegate.swift */; };
		FB5F1EF92241527100E3E327 /* ViewController.swift in Sources */ = {isa = PBXBuildFile; fileRef = FB5F1EF82241527100E3E327 /* ViewController.swift */; };
		FB5F1EFC2241527100E3E327 /* Main.storyboard in Resources */ = {isa = PBXBuildFile; fileRef = FB5F1EFA2241527100E3E327 /* Main.storyboard */; };
		FB5F1EFF2241527100E3E327 /* coredataExample.xcdatamodeld in Sources */ = {isa = PBXBuildFile; fileRef = FB5F1EFD2241527100E3E327 /* coredataExample.xcdatamodeld */; };
		FB5F1F012241527300E3E327 /* Assets.xcassets in Resources */ = {isa = PBXBuildFile; fileRef = FB5F1F002241527300E3E327 /* Assets.xcassets */; };
		FB5F1F042241527300E3E327 /* LaunchScreen.storyboard in Resources */ = {isa = PBXBuildFile; fileRef = FB5F1F022241527300E3E327 /* LaunchScreen.storyboard */; };
		FB5F1F0C224155B700E3E327 /* SubjectViewController.swift in Sources */ = {isa = PBXBuildFile; fileRef = FB5F1F0B224155B700E3E327 /* SubjectViewController.swift */; };
/* End PBXBuildFile section */

/* Begin PBXFileReference section */
		FB5F1EF32241527000E3E327 /* coredataExample.app */ = {isa = PBXFileReference; explicitFileType = wrapper.application; includeInIndex = 0; path = coredataExample.app; sourceTree = BUILT_PRODUCTS_DIR; };
		FB5F1EF62241527100E3E327 /* AppDelegate.swift */ = {isa = PBXFileReference; lastKnownFileType = sourcecode.swift; path = AppDelegate.swift; sourceTree = "<group>"; };
		FB5F1EF82241527100E3E327 /* ViewController.swift */ = {isa = PBXFileReference; lastKnownFileType = sourcecode.swift; path = ViewController.swift; sourceTree = "<group>"; };
		FB5F1EFB2241527100E3E327 /* Base */ = {isa = PBXFileReference; lastKnownFileType = file.storyboard; name = Base; path = Base.lproj/Main.storyboard; sourceTree = "<group>"; };
		FB5F1EFE2241527100E3E327 /* coredataExample.xcdatamodel */ = {isa = PBXFileReference; lastKnownFileType = wrapper.xcdatamodel; path = coredataExample.xcdatamodel; sourceTree = "<group>"; };
		FB5F1F002241527300E3E327 /* Assets.xcassets */ = {isa = PBXFileReference; lastKnownFileType = folder.assetcatalog; path = Assets.xcassets; sourceTree = "<group>"; };
		FB5F1F032241527300E3E327 /* Base */ = {isa = PBXFileReference; lastKnownFileType = file.storyboard; name = Base; path = Base.lproj/LaunchScreen.storyboard; sourceTree = "<group>"; };
		FB5F1F052241527300E3E327 /* Info.plist */ = {isa = PBXFileReference; lastKnownFileType = text.plist.xml; path = Info.plist; sourceTree = "<group>"; };
		FB5F1F0B224155B700E3E327 /* SubjectViewController.swift */ = {isa = PBXFileReference; lastKnownFileType = sourcecode.swift; path = SubjectViewController.swift; sourceTree = "<group>"; };
/* End PBXFileReference section */

/* Begin PBXFrameworksBuildPhase section */
		FB5F1EF02241527000E3E327 /* Frameworks */ = {
			isa = PBXFrameworksBuildPhase;
			buildActionMask = 2147483647;
			files = (
			);
			runOnlyForDeploymentPostprocessing = 0;
		};
/* End PBXFrameworksBuildPhase section */

/* Begin PBXGroup section */
		FB5F1EEA2241527000E3E327 = {
			isa = PBXGroup;
			children = (
				FB5F1EF52241527000E3E327 /* coredataExample */,
				FB5F1EF42241527000E3E327 /* Products */,
			);
			sourceTree = "<group>";
		};
		FB5F1EF42241527000E3E327 /* Products */ = {
			isa = PBXGroup;
			children = (
				FB5F1EF32241527000E3E327 /* coredataExample.app */,
			);
			name = Products;
			sourceTree = "<group>";
		};
		FB5F1EF52241527000E3E327 /* coredataExample */ = {
			isa = PBXGroup;
			children = (
				FB5F1EF62241527100E3E327 /* AppDelegate.swift */,
				FB5F1EF82241527100E3E327 /* ViewController.swift */,
				FB5F1EFA2241527100E3E327 /* Main.storyboard */,
				FB5F1F0B224155B700E3E327 /* SubjectViewController.swift */,
				FB5F1F002241527300E3E327 /* Assets.xcassets */,
				FB5F1F022241527300E3E327 /* LaunchScreen.storyboard */,
				FB5F1F052241527300E3E327 /* Info.plist */,
				FB5F1EFD2241527100E3E327 /* coredataExample.xcdatamodeld */,
			);
			path = coredataExample;
			sourceTree = "<group>";
		};
/* End PBXGroup section */

/* Begin PBXNativeTarget section */
		FB5F1EF22241527000E3E327 /* coredataExample */ = {
			isa = PBXNativeTarget;
			buildConfigurationList = FB5F1F082241527300E3E327 /* Build configuration list for PBXNativeTarget "coredataExample" */;
			buildPhases = (
				FB5F1EEF2241527000E3E327 /* Sources */,
				FB5F1EF02241527000E3E327 /* Frameworks */,
				FB5F1EF12241527000E3E327 /* Resources */,
			);
			buildRules = (
			);
			dependencies = (
			);
			name = coredataExample;
			productName = coredataExample;
			productReference = FB5F1EF32241527000E3E327 /* coredataExample.app */;
			productType = "com.apple.product-type.application";
		};
/* End PBXNativeTarget section */

/* Begin PBXProject section */
		FB5F1EEB2241527000E3E327 /* Project object */ = {
			isa = PBXProject;
			attributes = {
				LastSwiftUpdateCheck = 1010;
				LastUpgradeCheck = 1010;
				ORGANIZATIONNAME = eii;
				TargetAttributes = {
					FB5F1EF22241527000E3E327 = {
						CreatedOnToolsVersion = 10.1;
					};
				};
			};
			buildConfigurationList = FB5F1EEE2241527000E3E327 /* Build configuration list for PBXProject "coredataExample" */;
			compatibilityVersion = "Xcode 9.3";
			developmentRegion = en;
			hasScannedForEncodings = 0;
			knownRegions = (
				en,
				Base,
			);
			mainGroup = FB5F1EEA2241527000E3E327;
			productRefGroup = FB5F1EF42241527000E3E327 /* Products */;
			projectDirPath = "";
			projectRoot = "";
			targets = (
				FB5F1EF22241527000E3E327 /* coredataExample */,
			);
		};
/* End PBXProject section */

/* Begin PBXResourcesBuildPhase section */
		FB5F1EF12241527000E3E327 /* Resources */ = {
			isa = PBXResourcesBuildPhase;
			buildActionMask = 2147483647;
			files = (
				FB5F1F042241527300E3E327 /* LaunchScreen.storyboard in Resources */,
				FB5F1F012241527300E3E327 /* Assets.xcassets in Resources */,
				FB5F1EFC2241527100E3E327 /* Main.storyboard in Resources */,
			);
			runOnlyForDeploymentPostprocessing = 0;
		};
/* End PBXResourcesBuildPhase section */

/* Begin PBXSourcesBuildPhase section */
		FB5F1EEF2241527000E3E327 /* Sources */ = {
			isa = PBXSourcesBuildPhase;
			buildActionMask = 2147483647;
			files = (
				FB5F1EFF2241527100E3E327 /* coredataExample.xcdatamodeld in Sources */,
				FB5F1F0C224155B700E3E327 /* SubjectViewController.swift in Sources */,
				FB5F1EF92241527100E3E327 /* ViewController.swift in Sources */,
				FB5F1EF72241527100E3E327 /* AppDelegate.swift in Sources */,
			);
			runOnlyForDeploymentPostprocessing = 0;
		};
/* End PBXSourcesBuildPhase section */

/* Begin PBXVariantGroup section */
		FB5F1EFA2241527100E3E327 /* Main.storyboard */ = {
			isa = PBXVariantGroup;
			children = (
				FB5F1EFB2241527100E3E327 /* Base */,
			);
			name = Main.storyboard;
			sourceTree = "<group>";
		};
		FB5F1F022241527300E3E327 /* LaunchScreen.storyboard */ = {
			isa = PBXVariantGroup;
			children = (
				FB5F1F032241527300E3E327 /* Base */,
			);
			name = LaunchScreen.storyboard;
			sourceTree = "<group>";
		};
/* End PBXVariantGroup section */

/* Begin XCBuildConfiguration section */
		FB5F1F062241527300E3E327 /* Debug */ = {
			isa = XCBuildConfiguration;
			buildSettings = {
				ALWAYS_SEARCH_USER_PATHS = NO;
				CLANG_ANALYZER_NONNULL = YES;
				CLANG_ANALYZER_NUMBER_OBJECT_CONVERSION = YES_AGGRESSIVE;
				CLANG_CXX_LANGUAGE_STANDARD = "gnu++14";
				CLANG_CXX_LIBRARY = "libc++";
				CLANG_ENABLE_MODULES = YES;
				CLANG_ENABLE_OBJC_ARC = YES;
				CLANG_ENABLE_OBJC_WEAK = YES;
				CLANG_WARN_BLOCK_CAPTURE_AUTORELEASING = YES;
				CLANG_WARN_BOOL_CONVERSION = YES;
				CLANG_WARN_COMMA = YES;
				CLANG_WARN_CONSTANT_CONVERSION = YES;
				CLANG_WARN_DEPRECATED_OBJC_IMPLEMENTATIONS = YES;
				CLANG_WARN_DIRECT_OBJC_ISA_USAGE = YES_ERROR;
				CLANG_WARN_DOCUMENTATION_COMMENTS = YES;
				CLANG_WARN_EMPTY_BODY = YES;
				CLANG_WARN_ENUM_CONVERSION = YES;
				CLANG_WARN_INFINITE_RECURSION = YES;
				CLANG_WARN_INT_CONVERSION = YES;
				CLANG_WARN_NON_LITERAL_NULL_CONVERSION = YES;
				CLANG_WARN_OBJC_IMPLICIT_RETAIN_SELF = YES;
				CLANG_WARN_OBJC_LITERAL_CONVERSION = YES;
				CLANG_WARN_OBJC_ROOT_CLASS = YES_ERROR;
				CLANG_WARN_RANGE_LOOP_ANALYSIS = YES;
				CLANG_WARN_STRICT_PROTOTYPES = YES;
				CLANG_WARN_SUSPICIOUS_MOVE = YES;
				CLANG_WARN_UNGUARDED_AVAILABILITY = YES_AGGRESSIVE;
				CLANG_WARN_UNREACHABLE_CODE = YES;
				CLANG_WARN__DUPLICATE_METHOD_MATCH = YES;
				CODE_SIGN_IDENTITY = "iPhone Developer";
				COPY_PHASE_STRIP = NO;
				DEBUG_INFORMATION_FORMAT = dwarf;
				ENABLE_STRICT_OBJC_MSGSEND = YES;
				ENABLE_TESTABILITY = YES;
				GCC_C_LANGUAGE_STANDARD = gnu11;
				GCC_DYNAMIC_NO_PIC = NO;
				GCC_NO_COMMON_BLOCKS = YES;
				GCC_OPTIMIZATION_LEVEL = 0;
				GCC_PREPROCESSOR_DEFINITIONS = (
					"DEBUG=1",
					"$(inherited)",
				);
				GCC_WARN_64_TO_32_BIT_CONVERSION = YES;
				GCC_WARN_ABOUT_RETURN_TYPE = YES_ERROR;
				GCC_WARN_UNDECLARED_SELECTOR = YES;
				GCC_WARN_UNINITIALIZED_AUTOS = YES_AGGRESSIVE;
				GCC_WARN_UNUSED_FUNCTION = YES;
				GCC_WARN_UNUSED_VARIABLE = YES;
				IPHONEOS_DEPLOYMENT_TARGET = 12.1;
				MTL_ENABLE_DEBUG_INFO = INCLUDE_SOURCE;
				MTL_FAST_MATH = YES;
				ONLY_ACTIVE_ARCH = YES;
				SDKROOT = iphoneos;
				SWIFT_ACTIVE_COMPILATION_CONDITIONS = DEBUG;
				SWIFT_OPTIMIZATION_LEVEL = "-Onone";
			};
			name = Debug;
		};
		FB5F1F072241527300E3E327 /* Release */ = {
			isa = XCBuildConfiguration;
			buildSettings = {
				ALWAYS_SEARCH_USER_PATHS = NO;
				CLANG_ANALYZER_NONNULL = YES;
				CLANG_ANALYZER_NUMBER_OBJECT_CONVERSION = YES_AGGRESSIVE;
				CLANG_CXX_LANGUAGE_STANDARD = "gnu++14";
				CLANG_CXX_LIBRARY = "libc++";
				CLANG_ENABLE_MODULES = YES;
				CLANG_ENABLE_OBJC_ARC = YES;
				CLANG_ENABLE_OBJC_WEAK = YES;
				CLANG_WARN_BLOCK_CAPTURE_AUTORELEASING = YES;
				CLANG_WARN_BOOL_CONVERSION = YES;
				CLANG_WARN_COMMA = YES;
				CLANG_WARN_CONSTANT_CONVERSION = YES;
				CLANG_WARN_DEPRECATED_OBJC_IMPLEMENTATIONS = YES;
				CLANG_WARN_DIRECT_OBJC_ISA_USAGE = YES_ERROR;
				CLANG_WARN_DOCUMENTATION_COMMENTS = YES;
				CLANG_WARN_EMPTY_BODY = YES;
				CLANG_WARN_ENUM_CONVERSION = YES;
				CLANG_WARN_INFINITE_RECURSION = YES;
				CLANG_WARN_INT_CONVERSION = YES;
				CLANG_WARN_NON_LITERAL_NULL_CONVERSION = YES;
				CLANG_WARN_OBJC_IMPLICIT_RETAIN_SELF = YES;
				CLANG_WARN_OBJC_LITERAL_CONVERSION = YES;
				CLANG_WARN_OBJC_ROOT_CLASS = YES_ERROR;
				CLANG_WARN_RANGE_LOOP_ANALYSIS = YES;
				CLANG_WARN_STRICT_PROTOTYPES = YES;
				CLANG_WARN_SUSPICIOUS_MOVE = YES;
				CLANG_WARN_UNGUARDED_AVAILABILITY = YES_AGGRESSIVE;
				CLANG_WARN_UNREACHABLE_CODE = YES;
				CLANG_WARN__DUPLICATE_METHOD_MATCH = YES;
				CODE_SIGN_IDENTITY = "iPhone Developer";
				COPY_PHASE_STRIP = NO;
				DEBUG_INFORMATION_FORMAT = "dwarf-with-dsym";
				ENABLE_NS_ASSERTIONS = NO;
				ENABLE_STRICT_OBJC_MSGSEND = YES;
				GCC_C_LANGUAGE_STANDARD = gnu11;
				GCC_NO_COMMON_BLOCKS = YES;
				GCC_WARN_64_TO_32_BIT_CONVERSION = YES;
				GCC_WARN_ABOUT_RETURN_TYPE = YES_ERROR;
				GCC_WARN_UNDECLARED_SELECTOR = YES;
				GCC_WARN_UNINITIALIZED_AUTOS = YES_AGGRESSIVE;
				GCC_WARN_UNUSED_FUNCTION = YES;
				GCC_WARN_UNUSED_VARIABLE = YES;
				IPHONEOS_DEPLOYMENT_TARGET = 12.1;
				MTL_ENABLE_DEBUG_INFO = NO;
				MTL_FAST_MATH = YES;
				SDKROOT = iphoneos;
				SWIFT_COMPILATION_MODE = wholemodule;
				SWIFT_OPTIMIZATION_LEVEL = "-O";
				VALIDATE_PRODUCT = YES;
			};
			name = Release;
		};
		FB5F1F092241527300E3E327 /* Debug */ = {
			isa = XCBuildConfiguration;
			buildSettings = {
				ASSETCATALOG_COMPILER_APPICON_NAME = AppIcon;
				CODE_SIGN_STYLE = Automatic;
				DEVELOPMENT_TEAM = CTLLY45L74;
				INFOPLIST_FILE = coredataExample/Info.plist;
				LD_RUNPATH_SEARCH_PATHS = (
					"$(inherited)",
					"@executable_path/Frameworks",
				);
				PRODUCT_BUNDLE_IDENTIFIER = es.eii.ulpgc.coredataExample;
				PRODUCT_NAME = "$(TARGET_NAME)";
				SWIFT_VERSION = 4.2;
				TARGETED_DEVICE_FAMILY = "1,2";
			};
			name = Debug;
		};
		FB5F1F0A2241527300E3E327 /* Release */ = {
			isa = XCBuildConfiguration;
			buildSettings = {
				ASSETCATALOG_COMPILER_APPICON_NAME = AppIcon;
				CODE_SIGN_STYLE = Automatic;
				DEVELOPMENT_TEAM = CTLLY45L74;
				INFOPLIST_FILE = coredataExample/Info.plist;
				LD_RUNPATH_SEARCH_PATHS = (
					"$(inherited)",
					"@executable_path/Frameworks",
				);
				PRODUCT_BUNDLE_IDENTIFIER = es.eii.ulpgc.coredataExample;
				PRODUCT_NAME = "$(TARGET_NAME)";
				SWIFT_VERSION = 4.2;
				TARGETED_DEVICE_FAMILY = "1,2";
			};
			name = Release;
		};
/* End XCBuildConfiguration section */

/* Begin XCConfigurationList section */
		FB5F1EEE2241527000E3E327 /* Build configuration list for PBXProject "coredataExample" */ = {
			isa = XCConfigurationList;
			buildConfigurations = (
				FB5F1F062241527300E3E327 /* Debug */,
				FB5F1F072241527300E3E327 /* Release */,
			);
			defaultConfigurationIsVisible = 0;
			defaultConfigurationName = Release;
		};
		FB5F1F082241527300E3E327 /* Build configuration list for PBXNativeTarget "coredataExample" */ = {
			isa = XCConfigurationList;
			buildConfigurations = (
				FB5F1F092241527300E3E327 /* Debug */,
				FB5F1F0A2241527300E3E327 /* Release */,
			);
			defaultConfigurationIsVisible = 0;
			defaultConfigurationName = Release;
		};
/* End XCConfigurationList section */

/* Begin XCVersionGroup section */
		FB5F1EFD2241527100E3E327 /* coredataExample.xcdatamodeld */ = {
			isa = XCVersionGroup;
			children = (
				FB5F1EFE2241527100E3E327 /* coredataExample.xcdatamodel */,
			);
			currentVersion = FB5F1EFE2241527100E3E327 /* coredataExample.xcdatamodel */;
			path = coredataExample.xcdatamodeld;
			sourceTree = "<group>";
			versionGroupType = wrapper.xcdatamodel;
		};
/* End XCVersionGroup section */
	};
	rootObject = FB5F1EEB2241527000E3E327 /* Project object */;
}
