// !$*UTF8*$!
{
	archiveVersion = 1;
	classes = {
	};
	objectVersion = 50;
	objects = {

/* Begin PBXBuildFile section */
		FB64265E2270CD2C00421E27 /* CustomerQueryService.swift in Sources */ = {isa = PBXBuildFile; fileRef = FB64265D2270CD2C00421E27 /* CustomerQueryService.swift */; };
		FB6426602270CD4600421E27 /* QueryServiceInterface.swift in Sources */ = {isa = PBXBuildFile; fileRef = FB64265F2270CD4600421E27 /* QueryServiceInterface.swift */; };
		FB6426632270CFF600421E27 /* WebData.swift in Sources */ = {isa = PBXBuildFile; fileRef = FB6426622270CFF600421E27 /* WebData.swift */; };
		FB6426662270D8C100421E27 /* CustomerModel.swift in Sources */ = {isa = PBXBuildFile; fileRef = FB6426652270D8C100421E27 /* CustomerModel.swift */; };
		FBC4E857227B0D5600FAEAB5 /* DBModel.swift in Sources */ = {isa = PBXBuildFile; fileRef = FBC4E856227B0D5600FAEAB5 /* DBModel.swift */; };
		FBC4E859227B0FFF00FAEAB5 /* ProductQueryService.swift in Sources */ = {isa = PBXBuildFile; fileRef = FBC4E858227B0FFF00FAEAB5 /* ProductQueryService.swift */; };
		FBC4E85B227B30E800FAEAB5 /* OrderQueryService.swift in Sources */ = {isa = PBXBuildFile; fileRef = FBC4E85A227B30E800FAEAB5 /* OrderQueryService.swift */; };
		FBC644202242A7FA0062095A /* AppDelegate.swift in Sources */ = {isa = PBXBuildFile; fileRef = FBC6441F2242A7FA0062095A /* AppDelegate.swift */; };
		FBC644252242A7FB0062095A /* Main.storyboard in Resources */ = {isa = PBXBuildFile; fileRef = FBC644232242A7FB0062095A /* Main.storyboard */; };
		FBC644282242A7FB0062095A /* Project3.xcdatamodeld in Sources */ = {isa = PBXBuildFile; fileRef = FBC644262242A7FB0062095A /* Project3.xcdatamodeld */; };
		FBC6442A2242A8000062095A /* Assets.xcassets in Resources */ = {isa = PBXBuildFile; fileRef = FBC644292242A8000062095A /* Assets.xcassets */; };
		FBC6442D2242A8000062095A /* LaunchScreen.storyboard in Resources */ = {isa = PBXBuildFile; fileRef = FBC6442B2242A8000062095A /* LaunchScreen.storyboard */; };
		FBC644392242C17D0062095A /* CustomerListViewController.swift in Sources */ = {isa = PBXBuildFile; fileRef = FBC644382242C17D0062095A /* CustomerListViewController.swift */; };
		FBC6443D2242C2A30062095A /* ProductListViewController.swift in Sources */ = {isa = PBXBuildFile; fileRef = FBC6443C2242C2A30062095A /* ProductListViewController.swift */; };
		FBC6443F2242C2C20062095A /* ProductDetailsViewController.swift in Sources */ = {isa = PBXBuildFile; fileRef = FBC6443E2242C2C20062095A /* ProductDetailsViewController.swift */; };
		FBC644412242C2F60062095A /* CustomerDetailsViewController.swift in Sources */ = {isa = PBXBuildFile; fileRef = FBC644402242C2F60062095A /* CustomerDetailsViewController.swift */; };
		FBC644432242C3050062095A /* OrderDetailsViewController.swift in Sources */ = {isa = PBXBuildFile; fileRef = FBC644422242C3050062095A /* OrderDetailsViewController.swift */; };
		FBC644452242C3170062095A /* OrderListViewController.swift in Sources */ = {isa = PBXBuildFile; fileRef = FBC644442242C3170062095A /* OrderListViewController.swift */; };
		FBC644472242C32B0062095A /* SelectViewController.swift in Sources */ = {isa = PBXBuildFile; fileRef = FBC644462242C32B0062095A /* SelectViewController.swift */; };
		FBC8CED5227C90390071C310 /* CustomerOrders.swift in Sources */ = {isa = PBXBuildFile; fileRef = FBC8CED4227C90390071C310 /* CustomerOrders.swift */; };
		FBD0225822786EE3000630FE /* ProductModel.swift in Sources */ = {isa = PBXBuildFile; fileRef = FBD0225722786EE3000630FE /* ProductModel.swift */; };
		FBD0225A22786F07000630FE /* OrderModel.swift in Sources */ = {isa = PBXBuildFile; fileRef = FBD0225922786F07000630FE /* OrderModel.swift */; };
		FBDAD458228C7BFF003769AF /* Localizable.strings in Resources */ = {isa = PBXBuildFile; fileRef = FBDAD456228C7BFF003769AF /* Localizable.strings */; };
/* End PBXBuildFile section */

/* Begin PBXFileReference section */
		FB64265D2270CD2C00421E27 /* CustomerQueryService.swift */ = {isa = PBXFileReference; lastKnownFileType = sourcecode.swift; path = CustomerQueryService.swift; sourceTree = "<group>"; };
		FB64265F2270CD4600421E27 /* QueryServiceInterface.swift */ = {isa = PBXFileReference; lastKnownFileType = sourcecode.swift; path = QueryServiceInterface.swift; sourceTree = "<group>"; };
		FB6426622270CFF600421E27 /* WebData.swift */ = {isa = PBXFileReference; lastKnownFileType = sourcecode.swift; path = WebData.swift; sourceTree = "<group>"; };
		FB6426652270D8C100421E27 /* CustomerModel.swift */ = {isa = PBXFileReference; lastKnownFileType = sourcecode.swift; path = CustomerModel.swift; sourceTree = "<group>"; };
		FBC4E856227B0D5600FAEAB5 /* DBModel.swift */ = {isa = PBXFileReference; lastKnownFileType = sourcecode.swift; path = DBModel.swift; sourceTree = "<group>"; };
		FBC4E858227B0FFF00FAEAB5 /* ProductQueryService.swift */ = {isa = PBXFileReference; lastKnownFileType = sourcecode.swift; path = ProductQueryService.swift; sourceTree = "<group>"; };
		FBC4E85A227B30E800FAEAB5 /* OrderQueryService.swift */ = {isa = PBXFileReference; lastKnownFileType = sourcecode.swift; path = OrderQueryService.swift; sourceTree = "<group>"; };
		FBC6441C2242A7FA0062095A /* Project3.app */ = {isa = PBXFileReference; explicitFileType = wrapper.application; includeInIndex = 0; path = Project3.app; sourceTree = BUILT_PRODUCTS_DIR; };
		FBC6441F2242A7FA0062095A /* AppDelegate.swift */ = {isa = PBXFileReference; lastKnownFileType = sourcecode.swift; path = AppDelegate.swift; sourceTree = "<group>"; };
		FBC644242242A7FB0062095A /* Base */ = {isa = PBXFileReference; lastKnownFileType = file.storyboard; name = Base; path = Base.lproj/Main.storyboard; sourceTree = "<group>"; };
		FBC644272242A7FB0062095A /* Project2.xcdatamodel */ = {isa = PBXFileReference; lastKnownFileType = wrapper.xcdatamodel; path = Project2.xcdatamodel; sourceTree = "<group>"; };
		FBC644292242A8000062095A /* Assets.xcassets */ = {isa = PBXFileReference; lastKnownFileType = folder.assetcatalog; path = Assets.xcassets; sourceTree = "<group>"; };
		FBC6442C2242A8000062095A /* Base */ = {isa = PBXFileReference; lastKnownFileType = file.storyboard; name = Base; path = Base.lproj/LaunchScreen.storyboard; sourceTree = "<group>"; };
		FBC6442E2242A8000062095A /* Info.plist */ = {isa = PBXFileReference; lastKnownFileType = text.plist.xml; path = Info.plist; sourceTree = "<group>"; };
		FBC644382242C17D0062095A /* CustomerListViewController.swift */ = {isa = PBXFileReference; lastKnownFileType = sourcecode.swift; path = CustomerListViewController.swift; sourceTree = "<group>"; };
		FBC6443C2242C2A30062095A /* ProductListViewController.swift */ = {isa = PBXFileReference; lastKnownFileType = sourcecode.swift; path = ProductListViewController.swift; sourceTree = "<group>"; };
		FBC6443E2242C2C20062095A /* ProductDetailsViewController.swift */ = {isa = PBXFileReference; lastKnownFileType = sourcecode.swift; path = ProductDetailsViewController.swift; sourceTree = "<group>"; };
		FBC644402242C2F60062095A /* CustomerDetailsViewController.swift */ = {isa = PBXFileReference; lastKnownFileType = sourcecode.swift; path = CustomerDetailsViewController.swift; sourceTree = "<group>"; };
		FBC644422242C3050062095A /* OrderDetailsViewController.swift */ = {isa = PBXFileReference; lastKnownFileType = sourcecode.swift; path = OrderDetailsViewController.swift; sourceTree = "<group>"; };
		FBC644442242C3170062095A /* OrderListViewController.swift */ = {isa = PBXFileReference; lastKnownFileType = sourcecode.swift; path = OrderListViewController.swift; sourceTree = "<group>"; };
		FBC644462242C32B0062095A /* SelectViewController.swift */ = {isa = PBXFileReference; lastKnownFileType = sourcecode.swift; path = SelectViewController.swift; sourceTree = "<group>"; };
		FBC8CED4227C90390071C310 /* CustomerOrders.swift */ = {isa = PBXFileReference; lastKnownFileType = sourcecode.swift; path = CustomerOrders.swift; sourceTree = "<group>"; };
		FBD0225722786EE3000630FE /* ProductModel.swift */ = {isa = PBXFileReference; lastKnownFileType = sourcecode.swift; path = ProductModel.swift; sourceTree = "<group>"; };
		FBD0225922786F07000630FE /* OrderModel.swift */ = {isa = PBXFileReference; lastKnownFileType = sourcecode.swift; path = OrderModel.swift; sourceTree = "<group>"; };
		FBDAD457228C7BFF003769AF /* es */ = {isa = PBXFileReference; lastKnownFileType = text.plist.strings; name = es; path = es.lproj/Localizable.strings; sourceTree = "<group>"; };
		FBDAD459228C7BFF003769AF /* es */ = {isa = PBXFileReference; lastKnownFileType = text.plist.strings; name = es; path = es.lproj/Main.strings; sourceTree = "<group>"; };
/* End PBXFileReference section */

/* Begin PBXFrameworksBuildPhase section */
		FBC644192242A7FA0062095A /* Frameworks */ = {
			isa = PBXFrameworksBuildPhase;
			buildActionMask = 2147483647;
			files = (
			);
			runOnlyForDeploymentPostprocessing = 0;
		};
/* End PBXFrameworksBuildPhase section */

/* Begin PBXGroup section */
		FB6426612270CFD900421E27 /* Util */ = {
			isa = PBXGroup;
			children = (
				FB64265F2270CD4600421E27 /* QueryServiceInterface.swift */,
				FB64265D2270CD2C00421E27 /* CustomerQueryService.swift */,
				FB6426622270CFF600421E27 /* WebData.swift */,
				FBC4E858227B0FFF00FAEAB5 /* ProductQueryService.swift */,
				FBC4E85A227B30E800FAEAB5 /* OrderQueryService.swift */,
			);
			path = Util;
			sourceTree = "<group>";
		};
		FB6426642270D8B000421E27 /* Models */ = {
			isa = PBXGroup;
			children = (
				FB6426652270D8C100421E27 /* CustomerModel.swift */,
				FBD0225722786EE3000630FE /* ProductModel.swift */,
				FBD0225922786F07000630FE /* OrderModel.swift */,
				FBC4E856227B0D5600FAEAB5 /* DBModel.swift */,
				FBC8CED4227C90390071C310 /* CustomerOrders.swift */,
			);
			path = Models;
			sourceTree = "<group>";
		};
		FBC644132242A7FA0062095A = {
			isa = PBXGroup;
			children = (
				FBC6441E2242A7FA0062095A /* Project3 */,
				FBC6441D2242A7FA0062095A /* Products */,
			);
			sourceTree = "<group>";
		};
		FBC6441D2242A7FA0062095A /* Products */ = {
			isa = PBXGroup;
			children = (
				FBC6441C2242A7FA0062095A /* Project3.app */,
			);
			name = Products;
			sourceTree = "<group>";
		};
		FBC6441E2242A7FA0062095A /* Project3 */ = {
			isa = PBXGroup;
			children = (
				FB6426642270D8B000421E27 /* Models */,
				FB6426612270CFD900421E27 /* Util */,
				FBC644342242C1460062095A /* ViewControllers */,
				FBC6441F2242A7FA0062095A /* AppDelegate.swift */,
				FBC644232242A7FB0062095A /* Main.storyboard */,
				FBC644292242A8000062095A /* Assets.xcassets */,
				FBC6442B2242A8000062095A /* LaunchScreen.storyboard */,
				FBC6442E2242A8000062095A /* Info.plist */,
				FBDAD456228C7BFF003769AF /* Localizable.strings */,
				FBC644262242A7FB0062095A /* Project3.xcdatamodeld */,
			);
			path = Project3;
			sourceTree = "<group>";
		};
		FBC644342242C1460062095A /* ViewControllers */ = {
			isa = PBXGroup;
			children = (
				FBC644372242C1630062095A /* Order */,
				FBC644362242C15D0062095A /* Product */,
				FBC644352242C1560062095A /* Customer */,
				FBC644462242C32B0062095A /* SelectViewController.swift */,
			);
			path = ViewControllers;
			sourceTree = "<group>";
		};
		FBC644352242C1560062095A /* Customer */ = {
			isa = PBXGroup;
			children = (
				FBC644382242C17D0062095A /* CustomerListViewController.swift */,
				FBC644402242C2F60062095A /* CustomerDetailsViewController.swift */,
			);
			path = Customer;
			sourceTree = "<group>";
		};
		FBC644362242C15D0062095A /* Product */ = {
			isa = PBXGroup;
			children = (
				FBC6443C2242C2A30062095A /* ProductListViewController.swift */,
				FBC6443E2242C2C20062095A /* ProductDetailsViewController.swift */,
			);
			path = Product;
			sourceTree = "<group>";
		};
		FBC644372242C1630062095A /* Order */ = {
			isa = PBXGroup;
			children = (
				FBC644422242C3050062095A /* OrderDetailsViewController.swift */,
				FBC644442242C3170062095A /* OrderListViewController.swift */,
			);
			path = Order;
			sourceTree = "<group>";
		};
/* End PBXGroup section */

/* Begin PBXNativeTarget section */
		FBC6441B2242A7FA0062095A /* Project3 */ = {
			isa = PBXNativeTarget;
			buildConfigurationList = FBC644312242A8000062095A /* Build configuration list for PBXNativeTarget "Project3" */;
			buildPhases = (
				FBC644182242A7FA0062095A /* Sources */,
				FBC644192242A7FA0062095A /* Frameworks */,
				FBC6441A2242A7FA0062095A /* Resources */,
			);
			buildRules = (
			);
			dependencies = (
			);
			name = Project3;
			productName = Project2;
			productReference = FBC6441C2242A7FA0062095A /* Project3.app */;
			productType = "com.apple.product-type.application";
		};
/* End PBXNativeTarget section */

/* Begin PBXProject section */
		FBC644142242A7FA0062095A /* Project object */ = {
			isa = PBXProject;
			attributes = {
				LastSwiftUpdateCheck = 1010;
				LastUpgradeCheck = 1010;
				ORGANIZATIONNAME = eii;
				TargetAttributes = {
					FBC6441B2242A7FA0062095A = {
						CreatedOnToolsVersion = 10.1;
					};
				};
			};
			buildConfigurationList = FBC644172242A7FA0062095A /* Build configuration list for PBXProject "Project3" */;
			compatibilityVersion = "Xcode 9.3";
			developmentRegion = en;
			hasScannedForEncodings = 0;
			knownRegions = (
				en,
				Base,
				es,
			);
			mainGroup = FBC644132242A7FA0062095A;
			productRefGroup = FBC6441D2242A7FA0062095A /* Products */;
			projectDirPath = "";
			projectRoot = "";
			targets = (
				FBC6441B2242A7FA0062095A /* Project3 */,
			);
		};
/* End PBXProject section */

/* Begin PBXResourcesBuildPhase section */
		FBC6441A2242A7FA0062095A /* Resources */ = {
			isa = PBXResourcesBuildPhase;
			buildActionMask = 2147483647;
			files = (
				FBC6442D2242A8000062095A /* LaunchScreen.storyboard in Resources */,
				FBDAD458228C7BFF003769AF /* Localizable.strings in Resources */,
				FBC6442A2242A8000062095A /* Assets.xcassets in Resources */,
				FBC644252242A7FB0062095A /* Main.storyboard in Resources */,
			);
			runOnlyForDeploymentPostprocessing = 0;
		};
/* End PBXResourcesBuildPhase section */

/* Begin PBXSourcesBuildPhase section */
		FBC644182242A7FA0062095A /* Sources */ = {
			isa = PBXSourcesBuildPhase;
			buildActionMask = 2147483647;
			files = (
				FBC644472242C32B0062095A /* SelectViewController.swift in Sources */,
				FBC644432242C3050062095A /* OrderDetailsViewController.swift in Sources */,
				FBC4E85B227B30E800FAEAB5 /* OrderQueryService.swift in Sources */,
				FB6426632270CFF600421E27 /* WebData.swift in Sources */,
				FBC8CED5227C90390071C310 /* CustomerOrders.swift in Sources */,
				FBC4E857227B0D5600FAEAB5 /* DBModel.swift in Sources */,
				FBC644452242C3170062095A /* OrderListViewController.swift in Sources */,
				FBD0225822786EE3000630FE /* ProductModel.swift in Sources */,
				FBD0225A22786F07000630FE /* OrderModel.swift in Sources */,
				FB64265E2270CD2C00421E27 /* CustomerQueryService.swift in Sources */,
				FB6426602270CD4600421E27 /* QueryServiceInterface.swift in Sources */,
				FBC6443F2242C2C20062095A /* ProductDetailsViewController.swift in Sources */,
				FBC644392242C17D0062095A /* CustomerListViewController.swift in Sources */,
				FBC644202242A7FA0062095A /* AppDelegate.swift in Sources */,
				FBC644412242C2F60062095A /* CustomerDetailsViewController.swift in Sources */,
				FB6426662270D8C100421E27 /* CustomerModel.swift in Sources */,
				FBC6443D2242C2A30062095A /* ProductListViewController.swift in Sources */,
				FBC4E859227B0FFF00FAEAB5 /* ProductQueryService.swift in Sources */,
				FBC644282242A7FB0062095A /* Project3.xcdatamodeld in Sources */,
			);
			runOnlyForDeploymentPostprocessing = 0;
		};
/* End PBXSourcesBuildPhase section */

/* Begin PBXVariantGroup section */
		FBC644232242A7FB0062095A /* Main.storyboard */ = {
			isa = PBXVariantGroup;
			children = (
				FBC644242242A7FB0062095A /* Base */,
				FBDAD459228C7BFF003769AF /* es */,
			);
			name = Main.storyboard;
			sourceTree = "<group>";
		};
		FBC6442B2242A8000062095A /* LaunchScreen.storyboard */ = {
			isa = PBXVariantGroup;
			children = (
				FBC6442C2242A8000062095A /* Base */,
			);
			name = LaunchScreen.storyboard;
			sourceTree = "<group>";
		};
		FBDAD456228C7BFF003769AF /* Localizable.strings */ = {
			isa = PBXVariantGroup;
			children = (
				FBDAD457228C7BFF003769AF /* es */,
			);
			name = Localizable.strings;
			sourceTree = "<group>";
		};
/* End PBXVariantGroup section */

/* Begin XCBuildConfiguration section */
		FBC6442F2242A8000062095A /* Debug */ = {
			isa = XCBuildConfiguration;
			buildSettings = {
				ALWAYS_SEARCH_USER_PATHS = NO;
				CLANG_ANALYZER_NONNULL = YES;
				CLANG_ANALYZER_NUMBER_OBJECT_CONVERSION = YES_AGGRESSIVE;
				CLANG_CXX_LANGUAGE_STANDARD = "gnu++14";
				CLANG_CXX_LIBRARY = "libc++";
				CLANG_ENABLE_MODULES = YES;
				CLANG_ENABLE_OBJC_ARC = YES;
				CLANG_ENABLE_OBJC_WEAK = YES;
				CLANG_WARN_BLOCK_CAPTURE_AUTORELEASING = YES;
				CLANG_WARN_BOOL_CONVERSION = YES;
				CLANG_WARN_COMMA = YES;
				CLANG_WARN_CONSTANT_CONVERSION = YES;
				CLANG_WARN_DEPRECATED_OBJC_IMPLEMENTATIONS = YES;
				CLANG_WARN_DIRECT_OBJC_ISA_USAGE = YES_ERROR;
				CLANG_WARN_DOCUMENTATION_COMMENTS = YES;
				CLANG_WARN_EMPTY_BODY = YES;
				CLANG_WARN_ENUM_CONVERSION = YES;
				CLANG_WARN_INFINITE_RECURSION = YES;
				CLANG_WARN_INT_CONVERSION = YES;
				CLANG_WARN_NON_LITERAL_NULL_CONVERSION = YES;
				CLANG_WARN_OBJC_IMPLICIT_RETAIN_SELF = YES;
				CLANG_WARN_OBJC_LITERAL_CONVERSION = YES;
				CLANG_WARN_OBJC_ROOT_CLASS = YES_ERROR;
				CLANG_WARN_RANGE_LOOP_ANALYSIS = YES;
				CLANG_WARN_STRICT_PROTOTYPES = YES;
				CLANG_WARN_SUSPICIOUS_MOVE = YES;
				CLANG_WARN_UNGUARDED_AVAILABILITY = YES_AGGRESSIVE;
				CLANG_WARN_UNREACHABLE_CODE = YES;
				CLANG_WARN__DUPLICATE_METHOD_MATCH = YES;
				CODE_SIGN_IDENTITY = "iPhone Developer";
				COPY_PHASE_STRIP = NO;
				DEBUG_INFORMATION_FORMAT = dwarf;
				ENABLE_STRICT_OBJC_MSGSEND = YES;
				ENABLE_TESTABILITY = YES;
				GCC_C_LANGUAGE_STANDARD = gnu11;
				GCC_DYNAMIC_NO_PIC = NO;
				GCC_NO_COMMON_BLOCKS = YES;
				GCC_OPTIMIZATION_LEVEL = 0;
				GCC_PREPROCESSOR_DEFINITIONS = (
					"DEBUG=1",
					"$(inherited)",
				);
				GCC_WARN_64_TO_32_BIT_CONVERSION = YES;
				GCC_WARN_ABOUT_RETURN_TYPE = YES_ERROR;
				GCC_WARN_UNDECLARED_SELECTOR = YES;
				GCC_WARN_UNINITIALIZED_AUTOS = YES_AGGRESSIVE;
				GCC_WARN_UNUSED_FUNCTION = YES;
				GCC_WARN_UNUSED_VARIABLE = YES;
				IPHONEOS_DEPLOYMENT_TARGET = 12.1;
				MTL_ENABLE_DEBUG_INFO = INCLUDE_SOURCE;
				MTL_FAST_MATH = YES;
				ONLY_ACTIVE_ARCH = YES;
				SDKROOT = iphoneos;
				SWIFT_ACTIVE_COMPILATION_CONDITIONS = DEBUG;
				SWIFT_OPTIMIZATION_LEVEL = "-Onone";
			};
			name = Debug;
		};
		FBC644302242A8000062095A /* Release */ = {
			isa = XCBuildConfiguration;
			buildSettings = {
				ALWAYS_SEARCH_USER_PATHS = NO;
				CLANG_ANALYZER_NONNULL = YES;
				CLANG_ANALYZER_NUMBER_OBJECT_CONVERSION = YES_AGGRESSIVE;
				CLANG_CXX_LANGUAGE_STANDARD = "gnu++14";
				CLANG_CXX_LIBRARY = "libc++";
				CLANG_ENABLE_MODULES = YES;
				CLANG_ENABLE_OBJC_ARC = YES;
				CLANG_ENABLE_OBJC_WEAK = YES;
				CLANG_WARN_BLOCK_CAPTURE_AUTORELEASING = YES;
				CLANG_WARN_BOOL_CONVERSION = YES;
				CLANG_WARN_COMMA = YES;
				CLANG_WARN_CONSTANT_CONVERSION = YES;
				CLANG_WARN_DEPRECATED_OBJC_IMPLEMENTATIONS = YES;
				CLANG_WARN_DIRECT_OBJC_ISA_USAGE = YES_ERROR;
				CLANG_WARN_DOCUMENTATION_COMMENTS = YES;
				CLANG_WARN_EMPTY_BODY = YES;
				CLANG_WARN_ENUM_CONVERSION = YES;
				CLANG_WARN_INFINITE_RECURSION = YES;
				CLANG_WARN_INT_CONVERSION = YES;
				CLANG_WARN_NON_LITERAL_NULL_CONVERSION = YES;
				CLANG_WARN_OBJC_IMPLICIT_RETAIN_SELF = YES;
				CLANG_WARN_OBJC_LITERAL_CONVERSION = YES;
				CLANG_WARN_OBJC_ROOT_CLASS = YES_ERROR;
				CLANG_WARN_RANGE_LOOP_ANALYSIS = YES;
				CLANG_WARN_STRICT_PROTOTYPES = YES;
				CLANG_WARN_SUSPICIOUS_MOVE = YES;
				CLANG_WARN_UNGUARDED_AVAILABILITY = YES_AGGRESSIVE;
				CLANG_WARN_UNREACHABLE_CODE = YES;
				CLANG_WARN__DUPLICATE_METHOD_MATCH = YES;
				CODE_SIGN_IDENTITY = "iPhone Developer";
				COPY_PHASE_STRIP = NO;
				DEBUG_INFORMATION_FORMAT = "dwarf-with-dsym";
				ENABLE_NS_ASSERTIONS = NO;
				ENABLE_STRICT_OBJC_MSGSEND = YES;
				GCC_C_LANGUAGE_STANDARD = gnu11;
				GCC_NO_COMMON_BLOCKS = YES;
				GCC_WARN_64_TO_32_BIT_CONVERSION = YES;
				GCC_WARN_ABOUT_RETURN_TYPE = YES_ERROR;
				GCC_WARN_UNDECLARED_SELECTOR = YES;
				GCC_WARN_UNINITIALIZED_AUTOS = YES_AGGRESSIVE;
				GCC_WARN_UNUSED_FUNCTION = YES;
				GCC_WARN_UNUSED_VARIABLE = YES;
				IPHONEOS_DEPLOYMENT_TARGET = 12.1;
				MTL_ENABLE_DEBUG_INFO = NO;
				MTL_FAST_MATH = YES;
				SDKROOT = iphoneos;
				SWIFT_COMPILATION_MODE = wholemodule;
				SWIFT_OPTIMIZATION_LEVEL = "-O";
				VALIDATE_PRODUCT = YES;
			};
			name = Release;
		};
		FBC644322242A8000062095A /* Debug */ = {
			isa = XCBuildConfiguration;
			buildSettings = {
				ASSETCATALOG_COMPILER_APPICON_NAME = AppIcon;
				CODE_SIGN_STYLE = Automatic;
				DEVELOPMENT_TEAM = CTLLY45L74;
				INFOPLIST_FILE = "$(SRCROOT)/Project3/Info.plist";
				LD_RUNPATH_SEARCH_PATHS = (
					"$(inherited)",
					"@executable_path/Frameworks",
				);
				PRODUCT_BUNDLE_IDENTIFIER = es.eii.ulpgc.Project3;
				PRODUCT_NAME = "$(TARGET_NAME)";
				SWIFT_VERSION = 4.2;
				TARGETED_DEVICE_FAMILY = "1,2";
			};
			name = Debug;
		};
		FBC644332242A8000062095A /* Release */ = {
			isa = XCBuildConfiguration;
			buildSettings = {
				ASSETCATALOG_COMPILER_APPICON_NAME = AppIcon;
				CODE_SIGN_STYLE = Automatic;
				DEVELOPMENT_TEAM = CTLLY45L74;
				INFOPLIST_FILE = "$(SRCROOT)/Project3/Info.plist";
				LD_RUNPATH_SEARCH_PATHS = (
					"$(inherited)",
					"@executable_path/Frameworks",
				);
				PRODUCT_BUNDLE_IDENTIFIER = es.eii.ulpgc.Project3;
				PRODUCT_NAME = "$(TARGET_NAME)";
				SWIFT_VERSION = 4.2;
				TARGETED_DEVICE_FAMILY = "1,2";
			};
			name = Release;
		};
/* End XCBuildConfiguration section */

/* Begin XCConfigurationList section */
		FBC644172242A7FA0062095A /* Build configuration list for PBXProject "Project3" */ = {
			isa = XCConfigurationList;
			buildConfigurations = (
				FBC6442F2242A8000062095A /* Debug */,
				FBC644302242A8000062095A /* Release */,
			);
			defaultConfigurationIsVisible = 0;
			defaultConfigurationName = Release;
		};
		FBC644312242A8000062095A /* Build configuration list for PBXNativeTarget "Project3" */ = {
			isa = XCConfigurationList;
			buildConfigurations = (
				FBC644322242A8000062095A /* Debug */,
				FBC644332242A8000062095A /* Release */,
			);
			defaultConfigurationIsVisible = 0;
			defaultConfigurationName = Release;
		};
/* End XCConfigurationList section */

/* Begin XCVersionGroup section */
		FBC644262242A7FB0062095A /* Project3.xcdatamodeld */ = {
			isa = XCVersionGroup;
			children = (
				FBC644272242A7FB0062095A /* Project2.xcdatamodel */,
			);
			currentVersion = FBC644272242A7FB0062095A /* Project2.xcdatamodel */;
			path = Project3.xcdatamodeld;
			sourceTree = "<group>";
			versionGroupType = wrapper.xcdatamodel;
		};
/* End XCVersionGroup section */
	};
	rootObject = FBC644142242A7FA0062095A /* Project object */;
}
